
Microsoft Visual Studio Solution File, Format Version 12.00
# Visual Studio 15
VisualStudioVersion = 15.0.27703.2042
MinimumVisualStudioVersion = 10.0.40219.1
Project("{FAE04EC0-301F-11D3-BF4B-00C04F79EFBC}") = "Neasure", "Neasure\Neasure.csproj", "{913F1E90-A7AC-47A6-A08E-9F33569D1B66}"
EndProject
Global
	GlobalSection(SolutionConfigurationPlatforms) = preSolution
		Debug|Any CPU = Debug|Any CPU
		Debug|x64 = Debug|x64
		Debug|x86 = Debug|x86
		Release|Any CPU = Release|Any CPU
		Release|x64 = Release|x64
		Release|x86 = Release|x86
	EndGlobalSection
	GlobalSection(ProjectConfigurationPlatforms) = postSolution
		{913F1E90-A7AC-47A6-A08E-9F33569D1B66}.Debug|Any CPU.ActiveCfg = Debug|Any CPU
		{913F1E90-A7AC-47A6-A08E-9F33569D1B66}.Debug|Any CPU.Build.0 = Debug|Any CPU
		{913F1E90-A7AC-47A6-A08E-9F33569D1B66}.Debug|x64.ActiveCfg = Debug|Any CPU
		{913F1E90-A7AC-47A6-A08E-9F33569D1B66}.Debug|x64.Build.0 = Debug|Any CPU
		{913F1E90-A7AC-47A6-A08E-9F33569D1B66}.Debug|x86.ActiveCfg = Debug|Any CPU
		{913F1E90-A7AC-47A6-A08E-9F33569D1B66}.Debug|x86.Build.0 = Debug|Any CPU
		{913F1E90-A7AC-47A6-A08E-9F33569D1B66}.Release|Any CPU.ActiveCfg = Release|Any CPU
		{913F1E90-A7AC-47A6-A08E-9F33569D1B66}.Release|Any CPU.Build.0 = Release|Any CPU
		{913F1E90-A7AC-47A6-A08E-9F33569D1B66}.Release|x64.ActiveCfg = Release|Any CPU
		{913F1E90-A7AC-47A6-A08E-9F33569D1B66}.Release|x64.Build.0 = Release|Any CPU
		{913F1E90-A7AC-47A6-A08E-9F33569D1B66}.Release|x86.ActiveCfg = Release|Any CPU
		{913F1E90-A7AC-47A6-A08E-9F33569D1B66}.Release|x86.Build.0 = Release|Any CPU
	EndGlobalSection
	GlobalSection(SolutionProperties) = preSolution
		HideSolutionNode = FALSE
	EndGlobalSection
	GlobalSection(ExtensibilityGlobals) = postSolution
		SolutionGuid = {C0FE1971-FF78-40DD-802C-4461AC888245}
	EndGlobalSection
	GlobalSection(MonoDevelopProperties) = preSolution
		Policies = $0
		$0.DotNetNamingPolicy = $1
		$1.DirectoryNamespaceAssociation = PrefixedHierarchical
		$0.TextStylePolicy = $2
		$2.FileWidth = 80
		$2.scope = text/x-csharp
		$0.CSharpFormattingPolicy = $3
		$3.IndentSwitchSection = False
		$3.NewLinesForBracesInTypes = False
		$3.NewLinesForBracesInProperties = False
		$3.NewLinesForBracesInAccessors = False
		$3.NewLinesForBracesInAnonymousMethods = False
		$3.NewLinesForBracesInControlBlocks = False
		$3.NewLinesForBracesInAnonymousTypes = False
		$3.NewLinesForBracesInObjectCollectionArrayInitializers = False
		$3.NewLinesForBracesInLambdaExpressionBody = False
		$3.NewLineForElse = False
		$3.NewLineForCatch = False
		$3.NewLineForFinally = False
		$3.NewLineForMembersInObjectInit = False
		$3.NewLineForMembersInAnonymousTypes = False
		$3.NewLineForClausesInQuery = False
		$3.SpacingAfterMethodDeclarationName = True
		$3.scope = text/x-csharp
		$3.SpaceAfterComma = False
		$0.TextStylePolicy = $4
		$4.FileWidth = 80
		$4.TabsToSpaces = True
		$4.scope = text/plain
		$0.TextStylePolicy = $5
		$5.inheritsSet = null
		$5.scope = text/microsoft-resx
		$0.XmlFormattingPolicy = $6
		$6.inheritsSet = null
		$6.scope = text/microsoft-resx
		$0.TextStylePolicy = $7
		$7.inheritsSet = null
		$7.scope = application/xml
		$0.XmlFormattingPolicy = $8
		$8.scope = application/xml
		$0.TextStylePolicy = $9
		$9.inheritsSet = null
		$9.scope = application/config+xml
		$0.XmlFormattingPolicy = $10
		$10.inheritsSet = null
		$10.scope = application/config+xml
		$0.StandardHeader = $11
		$0.VersionControlPolicy = $12
	EndGlobalSection
EndGlobal
